// !$*UTF8*$!
{
	archiveVersion = 1;
	classes = {
	};
	objectVersion = 77;
	objects = {

/* Begin PBXBuildFile section */
		89771F312D96D7B900478804 /* InputBarAccessoryView in Frameworks */ = {isa = PBXBuildFile; productRef = 89771F302D96D7B900478804 /* InputBarAccessoryView */; };
/* End PBXBuildFile section */

/* Begin PBXContainerItemProxy section */
		8982B3CD2D959F0000610087 /* PBXContainerItemProxy */ = {
			isa = PBXContainerItemProxy;
			containerPortal = 8982B3B42D959EFE00610087 /* Project object */;
			proxyType = 1;
			remoteGlobalIDString = 8982B3BB2D959EFE00610087;
			remoteInfo = MuzzCodeChallenge;
		};
		8982B3D72D959F0000610087 /* PBXContainerItemProxy */ = {
			isa = PBXContainerItemProxy;
			containerPortal = 8982B3B42D959EFE00610087 /* Project object */;
			proxyType = 1;
			remoteGlobalIDString = 8982B3BB2D959EFE00610087;
			remoteInfo = MuzzCodeChallenge;
		};
/* End PBXContainerItemProxy section */

/* Begin PBXFileReference section */
		8982B3BC2D959EFE00610087 /* MuzzCodeChallenge.app */ = {isa = PBXFileReference; explicitFileType = wrapper.application; includeInIndex = 0; path = MuzzCodeChallenge.app; sourceTree = BUILT_PRODUCTS_DIR; };
		8982B3CC2D959F0000610087 /* MuzzCodeChallengeTests.xctest */ = {isa = PBXFileReference; explicitFileType = wrapper.cfbundle; includeInIndex = 0; path = MuzzCodeChallengeTests.xctest; sourceTree = BUILT_PRODUCTS_DIR; };
		8982B3D62D959F0000610087 /* MuzzCodeChallengeUITests.xctest */ = {isa = PBXFileReference; explicitFileType = wrapper.cfbundle; includeInIndex = 0; path = MuzzCodeChallengeUITests.xctest; sourceTree = BUILT_PRODUCTS_DIR; };
/* End PBXFileReference section */

/* Begin PBXFileSystemSynchronizedRootGroup section */
		8982B3BE2D959EFE00610087 /* MuzzCodeChallenge */ = {
			isa = PBXFileSystemSynchronizedRootGroup;
			path = MuzzCodeChallenge;
			sourceTree = "<group>";
		};
		8982B3CF2D959F0000610087 /* MuzzCodeChallengeTests */ = {
			isa = PBXFileSystemSynchronizedRootGroup;
			path = MuzzCodeChallengeTests;
			sourceTree = "<group>";
		};
		8982B3D92D959F0000610087 /* MuzzCodeChallengeUITests */ = {
			isa = PBXFileSystemSynchronizedRootGroup;
			path = MuzzCodeChallengeUITests;
			sourceTree = "<group>";
		};
/* End PBXFileSystemSynchronizedRootGroup section */

/* Begin PBXFrameworksBuildPhase section */
		8982B3B92D959EFE00610087 /* Frameworks */ = {
			isa = PBXFrameworksBuildPhase;
			buildActionMask = 2147483647;
			files = (
				89771F312D96D7B900478804 /* InputBarAccessoryView in Frameworks */,
			);
			runOnlyForDeploymentPostprocessing = 0;
		};
		8982B3C92D959F0000610087 /* Frameworks */ = {
			isa = PBXFrameworksBuildPhase;
			buildActionMask = 2147483647;
			files = (
			);
			runOnlyForDeploymentPostprocessing = 0;
		};
		8982B3D32D959F0000610087 /* Frameworks */ = {
			isa = PBXFrameworksBuildPhase;
			buildActionMask = 2147483647;
			files = (
			);
			runOnlyForDeploymentPostprocessing = 0;
		};
/* End PBXFrameworksBuildPhase section */

/* Begin PBXGroup section */
		8982B3B32D959EFE00610087 = {
			isa = PBXGroup;
			children = (
				8982B3BE2D959EFE00610087 /* MuzzCodeChallenge */,
				8982B3CF2D959F0000610087 /* MuzzCodeChallengeTests */,
				8982B3D92D959F0000610087 /* MuzzCodeChallengeUITests */,
				8982B3BD2D959EFE00610087 /* Products */,
			);
			sourceTree = "<group>";
		};
		8982B3BD2D959EFE00610087 /* Products */ = {
			isa = PBXGroup;
			children = (
				8982B3BC2D959EFE00610087 /* MuzzCodeChallenge.app */,
				8982B3CC2D959F0000610087 /* MuzzCodeChallengeTests.xctest */,
				8982B3D62D959F0000610087 /* MuzzCodeChallengeUITests.xctest */,
			);
			name = Products;
			sourceTree = "<group>";
		};
/* End PBXGroup section */

/* Begin PBXNativeTarget section */
		8982B3BB2D959EFE00610087 /* MuzzCodeChallenge */ = {
			isa = PBXNativeTarget;
			buildConfigurationList = 8982B3E02D959F0000610087 /* Build configuration list for PBXNativeTarget "MuzzCodeChallenge" */;
			buildPhases = (
				8982B3B82D959EFE00610087 /* Sources */,
				8982B3B92D959EFE00610087 /* Frameworks */,
				8982B3BA2D959EFE00610087 /* Resources */,
			);
			buildRules = (
			);
			dependencies = (
			);
			fileSystemSynchronizedGroups = (
				8982B3BE2D959EFE00610087 /* MuzzCodeChallenge */,
			);
			name = MuzzCodeChallenge;
			packageProductDependencies = (
				89771F302D96D7B900478804 /* InputBarAccessoryView */,
			);
			productName = MuzzCodeChallenge;
			productReference = 8982B3BC2D959EFE00610087 /* MuzzCodeChallenge.app */;
			productType = "com.apple.product-type.application";
		};
		8982B3CB2D959F0000610087 /* MuzzCodeChallengeTests */ = {
			isa = PBXNativeTarget;
			buildConfigurationList = 8982B3E32D959F0000610087 /* Build configuration list for PBXNativeTarget "MuzzCodeChallengeTests" */;
			buildPhases = (
				8982B3C82D959F0000610087 /* Sources */,
				8982B3C92D959F0000610087 /* Frameworks */,
				8982B3CA2D959F0000610087 /* Resources */,
			);
			buildRules = (
			);
			dependencies = (
				8982B3CE2D959F0000610087 /* PBXTargetDependency */,
			);
			fileSystemSynchronizedGroups = (
				8982B3CF2D959F0000610087 /* MuzzCodeChallengeTests */,
			);
			name = MuzzCodeChallengeTests;
			packageProductDependencies = (
			);
			productName = MuzzCodeChallengeTests;
			productReference = 8982B3CC2D959F0000610087 /* MuzzCodeChallengeTests.xctest */;
			productType = "com.apple.product-type.bundle.unit-test";
		};
		8982B3D52D959F0000610087 /* MuzzCodeChallengeUITests */ = {
			isa = PBXNativeTarget;
			buildConfigurationList = 8982B3E62D959F0000610087 /* Build configuration list for PBXNativeTarget "MuzzCodeChallengeUITests" */;
			buildPhases = (
				8982B3D22D959F0000610087 /* Sources */,
				8982B3D32D959F0000610087 /* Frameworks */,
				8982B3D42D959F0000610087 /* Resources */,
			);
			buildRules = (
			);
			dependencies = (
				8982B3D82D959F0000610087 /* PBXTargetDependency */,
			);
			fileSystemSynchronizedGroups = (
				8982B3D92D959F0000610087 /* MuzzCodeChallengeUITests */,
			);
			name = MuzzCodeChallengeUITests;
			packageProductDependencies = (
			);
			productName = MuzzCodeChallengeUITests;
			productReference = 8982B3D62D959F0000610087 /* MuzzCodeChallengeUITests.xctest */;
			productType = "com.apple.product-type.bundle.ui-testing";
		};
/* End PBXNativeTarget section */

/* Begin PBXProject section */
		8982B3B42D959EFE00610087 /* Project object */ = {
			isa = PBXProject;
			attributes = {
				BuildIndependentTargetsInParallel = 1;
				LastSwiftUpdateCheck = 1620;
				LastUpgradeCheck = 1620;
				TargetAttributes = {
					8982B3BB2D959EFE00610087 = {
						CreatedOnToolsVersion = 16.2;
					};
					8982B3CB2D959F0000610087 = {
						CreatedOnToolsVersion = 16.2;
						TestTargetID = 8982B3BB2D959EFE00610087;
					};
					8982B3D52D959F0000610087 = {
						CreatedOnToolsVersion = 16.2;
						TestTargetID = 8982B3BB2D959EFE00610087;
					};
				};
			};
			buildConfigurationList = 8982B3B72D959EFE00610087 /* Build configuration list for PBXProject "MuzzCodeChallenge" */;
			developmentRegion = en;
			hasScannedForEncodings = 0;
			knownRegions = (
				en,
				Base,
				tr,
				es,
			);
			mainGroup = 8982B3B32D959EFE00610087;
			minimizedProjectReferenceProxies = 1;
			packageReferences = (
				89771F2F2D96D74B00478804 /* XCRemoteSwiftPackageReference "InputBarAccessoryView" */,
			);
			preferredProjectObjectVersion = 77;
			productRefGroup = 8982B3BD2D959EFE00610087 /* Products */;
			projectDirPath = "";
			projectRoot = "";
			targets = (
				8982B3BB2D959EFE00610087 /* MuzzCodeChallenge */,
				8982B3CB2D959F0000610087 /* MuzzCodeChallengeTests */,
				8982B3D52D959F0000610087 /* MuzzCodeChallengeUITests */,
			);
		};
/* End PBXProject section */

/* Begin PBXResourcesBuildPhase section */
		8982B3BA2D959EFE00610087 /* Resources */ = {
			isa = PBXResourcesBuildPhase;
			buildActionMask = 2147483647;
			files = (
			);
			runOnlyForDeploymentPostprocessing = 0;
		};
		8982B3CA2D959F0000610087 /* Resources */ = {
			isa = PBXResourcesBuildPhase;
			buildActionMask = 2147483647;
			files = (
			);
			runOnlyForDeploymentPostprocessing = 0;
		};
		8982B3D42D959F0000610087 /* Resources */ = {
			isa = PBXResourcesBuildPhase;
			buildActionMask = 2147483647;
			files = (
			);
			runOnlyForDeploymentPostprocessing = 0;
		};
/* End PBXResourcesBuildPhase section */

/* Begin PBXSourcesBuildPhase section */
		8982B3B82D959EFE00610087 /* Sources */ = {
			isa = PBXSourcesBuildPhase;
			buildActionMask = 2147483647;
			files = (
			);
			runOnlyForDeploymentPostprocessing = 0;
		};
		8982B3C82D959F0000610087 /* Sources */ = {
			isa = PBXSourcesBuildPhase;
			buildActionMask = 2147483647;
			files = (
			);
			runOnlyForDeploymentPostprocessing = 0;
		};
		8982B3D22D959F0000610087 /* Sources */ = {
			isa = PBXSourcesBuildPhase;
			buildActionMask = 2147483647;
			files = (
			);
			runOnlyForDeploymentPostprocessing = 0;
		};
/* End PBXSourcesBuildPhase section */

/* Begin PBXTargetDependency section */
		8982B3CE2D959F0000610087 /* PBXTargetDependency */ = {
			isa = PBXTargetDependency;
			target = 8982B3BB2D959EFE00610087 /* MuzzCodeChallenge */;
			targetProxy = 8982B3CD2D959F0000610087 /* PBXContainerItemProxy */;
		};
		8982B3D82D959F0000610087 /* PBXTargetDependency */ = {
			isa = PBXTargetDependency;
			target = 8982B3BB2D959EFE00610087 /* MuzzCodeChallenge */;
			targetProxy = 8982B3D72D959F0000610087 /* PBXContainerItemProxy */;
		};
/* End PBXTargetDependency section */

/* Begin XCBuildConfiguration section */
		8982B3DE2D959F0000610087 /* Debug */ = {
			isa = XCBuildConfiguration;
			buildSettings = {
				ALWAYS_SEARCH_USER_PATHS = NO;
				ASSETCATALOG_COMPILER_GENERATE_SWIFT_ASSET_SYMBOL_EXTENSIONS = YES;
				CLANG_ANALYZER_NONNULL = YES;
				CLANG_ANALYZER_NUMBER_OBJECT_CONVERSION = YES_AGGRESSIVE;
				CLANG_CXX_LANGUAGE_STANDARD = "gnu++20";
				CLANG_ENABLE_MODULES = YES;
				CLANG_ENABLE_OBJC_ARC = YES;
				CLANG_ENABLE_OBJC_WEAK = YES;
				CLANG_WARN_BLOCK_CAPTURE_AUTORELEASING = YES;
				CLANG_WARN_BOOL_CONVERSION = YES;
				CLANG_WARN_COMMA = YES;
				CLANG_WARN_CONSTANT_CONVERSION = YES;
				CLANG_WARN_DEPRECATED_OBJC_IMPLEMENTATIONS = YES;
				CLANG_WARN_DIRECT_OBJC_ISA_USAGE = YES_ERROR;
				CLANG_WARN_DOCUMENTATION_COMMENTS = YES;
				CLANG_WARN_EMPTY_BODY = YES;
				CLANG_WARN_ENUM_CONVERSION = YES;
				CLANG_WARN_INFINITE_RECURSION = YES;
				CLANG_WARN_INT_CONVERSION = YES;
				CLANG_WARN_NON_LITERAL_NULL_CONVERSION = YES;
				CLANG_WARN_OBJC_IMPLICIT_RETAIN_SELF = YES;
				CLANG_WARN_OBJC_LITERAL_CONVERSION = YES;
				CLANG_WARN_OBJC_ROOT_CLASS = YES_ERROR;
				CLANG_WARN_QUOTED_INCLUDE_IN_FRAMEWORK_HEADER = YES;
				CLANG_WARN_RANGE_LOOP_ANALYSIS = YES;
				CLANG_WARN_STRICT_PROTOTYPES = YES;
				CLANG_WARN_SUSPICIOUS_MOVE = YES;
				CLANG_WARN_UNGUARDED_AVAILABILITY = YES_AGGRESSIVE;
				CLANG_WARN_UNREACHABLE_CODE = YES;
				CLANG_WARN__DUPLICATE_METHOD_MATCH = YES;
				COPY_PHASE_STRIP = NO;
				DEBUG_INFORMATION_FORMAT = dwarf;
				ENABLE_STRICT_OBJC_MSGSEND = YES;
				ENABLE_TESTABILITY = YES;
				ENABLE_USER_SCRIPT_SANDBOXING = YES;
				GCC_C_LANGUAGE_STANDARD = gnu17;
				GCC_DYNAMIC_NO_PIC = NO;
				GCC_NO_COMMON_BLOCKS = YES;
				GCC_OPTIMIZATION_LEVEL = 0;
				GCC_PREPROCESSOR_DEFINITIONS = (
					"DEBUG=1",
					"$(inherited)",
				);
				GCC_WARN_64_TO_32_BIT_CONVERSION = YES;
				GCC_WARN_ABOUT_RETURN_TYPE = YES_ERROR;
				GCC_WARN_UNDECLARED_SELECTOR = YES;
				GCC_WARN_UNINITIALIZED_AUTOS = YES_AGGRESSIVE;
				GCC_WARN_UNUSED_FUNCTION = YES;
				GCC_WARN_UNUSED_VARIABLE = YES;
				IPHONEOS_DEPLOYMENT_TARGET = 18.2;
				LOCALIZATION_PREFERS_STRING_CATALOGS = YES;
				MTL_ENABLE_DEBUG_INFO = INCLUDE_SOURCE;
				MTL_FAST_MATH = YES;
				ONLY_ACTIVE_ARCH = YES;
				SDKROOT = iphoneos;
				SWIFT_ACTIVE_COMPILATION_CONDITIONS = "DEBUG $(inherited)";
				SWIFT_OPTIMIZATION_LEVEL = "-Onone";
			};
			name = Debug;
		};
		8982B3DF2D959F0000610087 /* Release */ = {
			isa = XCBuildConfiguration;
			buildSettings = {
				ALWAYS_SEARCH_USER_PATHS = NO;
				ASSETCATALOG_COMPILER_GENERATE_SWIFT_ASSET_SYMBOL_EXTENSIONS = YES;
				CLANG_ANALYZER_NONNULL = YES;
				CLANG_ANALYZER_NUMBER_OBJECT_CONVERSION = YES_AGGRESSIVE;
				CLANG_CXX_LANGUAGE_STANDARD = "gnu++20";
				CLANG_ENABLE_MODULES = YES;
				CLANG_ENABLE_OBJC_ARC = YES;
				CLANG_ENABLE_OBJC_WEAK = YES;
				CLANG_WARN_BLOCK_CAPTURE_AUTORELEASING = YES;
				CLANG_WARN_BOOL_CONVERSION = YES;
				CLANG_WARN_COMMA = YES;
				CLANG_WARN_CONSTANT_CONVERSION = YES;
				CLANG_WARN_DEPRECATED_OBJC_IMPLEMENTATIONS = YES;
				CLANG_WARN_DIRECT_OBJC_ISA_USAGE = YES_ERROR;
				CLANG_WARN_DOCUMENTATION_COMMENTS = YES;
				CLANG_WARN_EMPTY_BODY = YES;
				CLANG_WARN_ENUM_CONVERSION = YES;
				CLANG_WARN_INFINITE_RECURSION = YES;
				CLANG_WARN_INT_CONVERSION = YES;
				CLANG_WARN_NON_LITERAL_NULL_CONVERSION = YES;
				CLANG_WARN_OBJC_IMPLICIT_RETAIN_SELF = YES;
				CLANG_WARN_OBJC_LITERAL_CONVERSION = YES;
				CLANG_WARN_OBJC_ROOT_CLASS = YES_ERROR;
				CLANG_WARN_QUOTED_INCLUDE_IN_FRAMEWORK_HEADER = YES;
				CLANG_WARN_RANGE_LOOP_ANALYSIS = YES;
				CLANG_WARN_STRICT_PROTOTYPES = YES;
				CLANG_WARN_SUSPICIOUS_MOVE = YES;
				CLANG_WARN_UNGUARDED_AVAILABILITY = YES_AGGRESSIVE;
				CLANG_WARN_UNREACHABLE_CODE = YES;
				CLANG_WARN__DUPLICATE_METHOD_MATCH = YES;
				COPY_PHASE_STRIP = NO;
				DEBUG_INFORMATION_FORMAT = "dwarf-with-dsym";
				ENABLE_NS_ASSERTIONS = NO;
				ENABLE_STRICT_OBJC_MSGSEND = YES;
				ENABLE_USER_SCRIPT_SANDBOXING = YES;
				GCC_C_LANGUAGE_STANDARD = gnu17;
				GCC_NO_COMMON_BLOCKS = YES;
				GCC_WARN_64_TO_32_BIT_CONVERSION = YES;
				GCC_WARN_ABOUT_RETURN_TYPE = YES_ERROR;
				GCC_WARN_UNDECLARED_SELECTOR = YES;
				GCC_WARN_UNINITIALIZED_AUTOS = YES_AGGRESSIVE;
				GCC_WARN_UNUSED_FUNCTION = YES;
				GCC_WARN_UNUSED_VARIABLE = YES;
				IPHONEOS_DEPLOYMENT_TARGET = 18.2;
				LOCALIZATION_PREFERS_STRING_CATALOGS = YES;
				MTL_ENABLE_DEBUG_INFO = NO;
				MTL_FAST_MATH = YES;
				SDKROOT = iphoneos;
				SWIFT_COMPILATION_MODE = wholemodule;
				VALIDATE_PRODUCT = YES;
			};
			name = Release;
		};
		8982B3E12D959F0000610087 /* Debug */ = {
			isa = XCBuildConfiguration;
			buildSettings = {
				ASSETCATALOG_COMPILER_APPICON_NAME = AppIcon;
				ASSETCATALOG_COMPILER_GLOBAL_ACCENT_COLOR_NAME = AccentColor;
				CODE_SIGN_STYLE = Automatic;
				CURRENT_PROJECT_VERSION = 1;
				DEVELOPMENT_TEAM = 75T96Y838V;
				ENABLE_PREVIEWS = YES;
				GENERATE_INFOPLIST_FILE = YES;
				INFOPLIST_KEY_UIApplicationSceneManifest_Generation = YES;
				INFOPLIST_KEY_UIApplicationSupportsIndirectInputEvents = YES;
				INFOPLIST_KEY_UILaunchScreen_Generation = YES;
				INFOPLIST_KEY_UISupportedInterfaceOrientations_iPad = "UIInterfaceOrientationPortrait UIInterfaceOrientationPortraitUpsideDown UIInterfaceOrientationLandscapeLeft UIInterfaceOrientationLandscapeRight";
				INFOPLIST_KEY_UISupportedInterfaceOrientations_iPhone = "UIInterfaceOrientationPortrait UIInterfaceOrientationLandscapeLeft UIInterfaceOrientationLandscapeRight";
				LD_RUNPATH_SEARCH_PATHS = (
					"$(inherited)",
					"@executable_path/Frameworks",
				);
				MARKETING_VERSION = 1.0;
				PRODUCT_BUNDLE_IDENTIFIER = com.muzz.app.MuzzCodeChallenge;
				PRODUCT_NAME = "$(TARGET_NAME)";
				SWIFT_EMIT_LOC_STRINGS = YES;
				SWIFT_VERSION = 5.0;
				TARGETED_DEVICE_FAMILY = "1,2";
			};
			name = Debug;
		};
		8982B3E22D959F0000610087 /* Release */ = {
			isa = XCBuildConfiguration;
			buildSettings = {
				ASSETCATALOG_COMPILER_APPICON_NAME = AppIcon;
				ASSETCATALOG_COMPILER_GLOBAL_ACCENT_COLOR_NAME = AccentColor;
				CODE_SIGN_STYLE = Automatic;
				CURRENT_PROJECT_VERSION = 1;
				DEVELOPMENT_TEAM = 75T96Y838V;
				ENABLE_PREVIEWS = YES;
				GENERATE_INFOPLIST_FILE = YES;
				INFOPLIST_KEY_UIApplicationSceneManifest_Generation = YES;
				INFOPLIST_KEY_UIApplicationSupportsIndirectInputEvents = YES;
				INFOPLIST_KEY_UILaunchScreen_Generation = YES;
				INFOPLIST_KEY_UISupportedInterfaceOrientations_iPad = "UIInterfaceOrientationPortrait UIInterfaceOrientationPortraitUpsideDown UIInterfaceOrientationLandscapeLeft UIInterfaceOrientationLandscapeRight";
				INFOPLIST_KEY_UISupportedInterfaceOrientations_iPhone = "UIInterfaceOrientationPortrait UIInterfaceOrientationLandscapeLeft UIInterfaceOrientationLandscapeRight";
				LD_RUNPATH_SEARCH_PATHS = (
					"$(inherited)",
					"@executable_path/Frameworks",
				);
				MARKETING_VERSION = 1.0;
				PRODUCT_BUNDLE_IDENTIFIER = com.muzz.app.MuzzCodeChallenge;
				PRODUCT_NAME = "$(TARGET_NAME)";
				SWIFT_EMIT_LOC_STRINGS = YES;
				SWIFT_VERSION = 5.0;
				TARGETED_DEVICE_FAMILY = "1,2";
			};
			name = Release;
		};
		8982B3E42D959F0000610087 /* Debug */ = {
			isa = XCBuildConfiguration;
			buildSettings = {
				BUNDLE_LOADER = "$(TEST_HOST)";
				CODE_SIGN_STYLE = Automatic;
				CURRENT_PROJECT_VERSION = 1;
				DEVELOPMENT_TEAM = 75T96Y838V;
				GENERATE_INFOPLIST_FILE = YES;
				IPHONEOS_DEPLOYMENT_TARGET = 18.2;
				MARKETING_VERSION = 1.0;
				PRODUCT_BUNDLE_IDENTIFIER = com.muzz.app.MuzzCodeChallengeTests;
				PRODUCT_NAME = "$(TARGET_NAME)";
				SWIFT_EMIT_LOC_STRINGS = NO;
				SWIFT_VERSION = 5.0;
				TARGETED_DEVICE_FAMILY = "1,2";
				TEST_HOST = "$(BUILT_PRODUCTS_DIR)/MuzzCodeChallenge.app/$(BUNDLE_EXECUTABLE_FOLDER_PATH)/MuzzCodeChallenge";
			};
			name = Debug;
		};
		8982B3E52D959F0000610087 /* Release */ = {
			isa = XCBuildConfiguration;
			buildSettings = {
				BUNDLE_LOADER = "$(TEST_HOST)";
				CODE_SIGN_STYLE = Automatic;
				CURRENT_PROJECT_VERSION = 1;
				DEVELOPMENT_TEAM = 75T96Y838V;
				GENERATE_INFOPLIST_FILE = YES;
				IPHONEOS_DEPLOYMENT_TARGET = 18.2;
				MARKETING_VERSION = 1.0;
				PRODUCT_BUNDLE_IDENTIFIER = com.muzz.app.MuzzCodeChallengeTests;
				PRODUCT_NAME = "$(TARGET_NAME)";
				SWIFT_EMIT_LOC_STRINGS = NO;
				SWIFT_VERSION = 5.0;
				TARGETED_DEVICE_FAMILY = "1,2";
				TEST_HOST = "$(BUILT_PRODUCTS_DIR)/MuzzCodeChallenge.app/$(BUNDLE_EXECUTABLE_FOLDER_PATH)/MuzzCodeChallenge";
			};
			name = Release;
		};
		8982B3E72D959F0000610087 /* Debug */ = {
			isa = XCBuildConfiguration;
			buildSettings = {
				CODE_SIGN_STYLE = Automatic;
				CURRENT_PROJECT_VERSION = 1;
				DEVELOPMENT_TEAM = 75T96Y838V;
				GENERATE_INFOPLIST_FILE = YES;
				MARKETING_VERSION = 1.0;
				PRODUCT_BUNDLE_IDENTIFIER = com.muzz.app.MuzzCodeChallengeUITests;
				PRODUCT_NAME = "$(TARGET_NAME)";
				SWIFT_EMIT_LOC_STRINGS = NO;
				SWIFT_VERSION = 5.0;
				TARGETED_DEVICE_FAMILY = "1,2";
				TEST_TARGET_NAME = MuzzCodeChallenge;
			};
			name = Debug;
		};
		8982B3E82D959F0000610087 /* Release */ = {
			isa = XCBuildConfiguration;
			buildSettings = {
				CODE_SIGN_STYLE = Automatic;
				CURRENT_PROJECT_VERSION = 1;
				DEVELOPMENT_TEAM = 75T96Y838V;
				GENERATE_INFOPLIST_FILE = YES;
				MARKETING_VERSION = 1.0;
				PRODUCT_BUNDLE_IDENTIFIER = com.muzz.app.MuzzCodeChallengeUITests;
				PRODUCT_NAME = "$(TARGET_NAME)";
				SWIFT_EMIT_LOC_STRINGS = NO;
				SWIFT_VERSION = 5.0;
				TARGETED_DEVICE_FAMILY = "1,2";
				TEST_TARGET_NAME = MuzzCodeChallenge;
			};
			name = Release;
		};
/* End XCBuildConfiguration section */

/* Begin XCConfigurationList section */
		8982B3B72D959EFE00610087 /* Build configuration list for PBXProject "MuzzCodeChallenge" */ = {
			isa = XCConfigurationList;
			buildConfigurations = (
				8982B3DE2D959F0000610087 /* Debug */,
				8982B3DF2D959F0000610087 /* Release */,
			);
			defaultConfigurationIsVisible = 0;
			defaultConfigurationName = Release;
		};
		8982B3E02D959F0000610087 /* Build configuration list for PBXNativeTarget "MuzzCodeChallenge" */ = {
			isa = XCConfigurationList;
			buildConfigurations = (
				8982B3E12D959F0000610087 /* Debug */,
				8982B3E22D959F0000610087 /* Release */,
			);
			defaultConfigurationIsVisible = 0;
			defaultConfigurationName = Release;
		};
		8982B3E32D959F0000610087 /* Build configuration list for PBXNativeTarget "MuzzCodeChallengeTests" */ = {
			isa = XCConfigurationList;
			buildConfigurations = (
				8982B3E42D959F0000610087 /* Debug */,
				8982B3E52D959F0000610087 /* Release */,
			);
			defaultConfigurationIsVisible = 0;
			defaultConfigurationName = Release;
		};
		8982B3E62D959F0000610087 /* Build configuration list for PBXNativeTarget "MuzzCodeChallengeUITests" */ = {
			isa = XCConfigurationList;
			buildConfigurations = (
				8982B3E72D959F0000610087 /* Debug */,
				8982B3E82D959F0000610087 /* Release */,
			);
			defaultConfigurationIsVisible = 0;
			defaultConfigurationName = Release;
		};
/* End XCConfigurationList section */

/* Begin XCRemoteSwiftPackageReference section */
		89771F2F2D96D74B00478804 /* XCRemoteSwiftPackageReference "InputBarAccessoryView" */ = {
			isa = XCRemoteSwiftPackageReference;
			repositoryURL = "https://github.com/nathantannar4/InputBarAccessoryView.git";
			requirement = {
				kind = upToNextMajorVersion;
				minimumVersion = 7.0.0;
			};
		};
/* End XCRemoteSwiftPackageReference section */

/* Begin XCSwiftPackageProductDependency section */
		89771F302D96D7B900478804 /* InputBarAccessoryView */ = {
			isa = XCSwiftPackageProductDependency;
			package = 89771F2F2D96D74B00478804 /* XCRemoteSwiftPackageReference "InputBarAccessoryView" */;
			productName = InputBarAccessoryView;
		};
/* End XCSwiftPackageProductDependency section */
	};
	rootObject = 8982B3B42D959EFE00610087 /* Project object */;
}
